
Microsoft Visual Studio Solution File, Format Version 12.00
# Visual Studio Version 16
VisualStudioVersion = 16.0.29926.136
MinimumVisualStudioVersion = 10.0.40219.1
Project("{FAE04EC0-301F-11D3-BF4B-00C04F79EFBC}") = "RealGolfApp", "RealGolfApp\RealGolfApp.csproj", "{CD94A450-8992-4A7A-AF99-3F212221CB86}"
EndProject
Global
	GlobalSection(SolutionConfigurationPlatforms) = preSolution
		Debug|Any CPU = Debug|Any CPU
		Release|Any CPU = Release|Any CPU
	EndGlobalSection
	GlobalSection(ProjectConfigurationPlatforms) = postSolution
		{CD94A450-8992-4A7A-AF99-3F212221CB86}.Debug|Any CPU.ActiveCfg = Debug|Any CPU
		{CD94A450-8992-4A7A-AF99-3F212221CB86}.Debug|Any CPU.Build.0 = Debug|Any CPU
		{CD94A450-8992-4A7A-AF99-3F212221CB86}.Release|Any CPU.ActiveCfg = Release|Any CPU
		{CD94A450-8992-4A7A-AF99-3F212221CB86}.Release|Any CPU.Build.0 = Release|Any CPU
	EndGlobalSection
	GlobalSection(SolutionProperties) = preSolution
		HideSolutionNode = FALSE
	EndGlobalSection
	GlobalSection(ExtensibilityGlobals) = postSolution
		SolutionGuid = {D04761E8-61E3-4869-B545-674BA73BEE6E}
	EndGlobalSection
EndGlobal
